
Microsoft Visual Studio Solution File, Format Version 12.00
# Visual Studio 15
VisualStudioVersion = 15.0.28307.421
MinimumVisualStudioVersion = 10.0.40219.1
Project("{FAE04EC0-301F-11D3-BF4B-00C04F79EFBC}") = "KorytoModel", "KorytoModel\KorytoModel.csproj", "{B97AF00E-D872-4D1D-B1AA-3CC6CBBDE393}"
EndProject
Project("{FAE04EC0-301F-11D3-BF4B-00C04F79EFBC}") = "KorytoServiceDAL", "KorytoServiceDAL\KorytoServiceDAL.csproj", "{DDD0D281-A578-470E-B249-F5B699A60481}"
EndProject
Global
	GlobalSection(SolutionConfigurationPlatforms) = preSolution
		Debug|Any CPU = Debug|Any CPU
		Release|Any CPU = Release|Any CPU
	EndGlobalSection
	GlobalSection(ProjectConfigurationPlatforms) = postSolution
		{B97AF00E-D872-4D1D-B1AA-3CC6CBBDE393}.Debug|Any CPU.ActiveCfg = Debug|Any CPU
		{B97AF00E-D872-4D1D-B1AA-3CC6CBBDE393}.Debug|Any CPU.Build.0 = Debug|Any CPU
		{B97AF00E-D872-4D1D-B1AA-3CC6CBBDE393}.Release|Any CPU.ActiveCfg = Release|Any CPU
		{B97AF00E-D872-4D1D-B1AA-3CC6CBBDE393}.Release|Any CPU.Build.0 = Release|Any CPU
		{DDD0D281-A578-470E-B249-F5B699A60481}.Debug|Any CPU.ActiveCfg = Debug|Any CPU
		{DDD0D281-A578-470E-B249-F5B699A60481}.Debug|Any CPU.Build.0 = Debug|Any CPU
		{DDD0D281-A578-470E-B249-F5B699A60481}.Release|Any CPU.ActiveCfg = Release|Any CPU
		{DDD0D281-A578-470E-B249-F5B699A60481}.Release|Any CPU.Build.0 = Release|Any CPU
	EndGlobalSection
	GlobalSection(SolutionProperties) = preSolution
		HideSolutionNode = FALSE
	EndGlobalSection
	GlobalSection(ExtensibilityGlobals) = postSolution
		SolutionGuid = {341ACC75-477B-4A37-A838-3AF60008B768}
	EndGlobalSection
EndGlobal
